{
    "_readme": [
        "This file locks the dependencies of your project to a known state",
        "Read more about it at https://getcomposer.org/doc/01-basic-usage.md#composer-lock-the-lock-file",
        "This file is @generated automatically"
    ],
    "content-hash": "aab2e57fd056657ca584633641ffb394",
    "packages": [
        {
            "name": "srag/dic",
            "version": "dev-master",
            "source": {
                "type": "git",
                "url": "https://github.com/studer-raimann/DIC.git",
                "reference": "cb1cfd4a8fd6a28dca922f820e46fbaa33376e25"
            },
            "dist": {
                "type": "zip",
                "url": "https://api.github.com/repos/studer-raimann/DIC/zipball/cb1cfd4a8fd6a28dca922f820e46fbaa33376e25",
                "reference": "cb1cfd4a8fd6a28dca922f820e46fbaa33376e25",
                "shasum": ""
            },
            "type": "library",
            "autoload": {
                "psr-4": {
                    "srag\\DIC\\": "src/"
                }
            },
            "notification-url": "https://packagist.org/downloads/",
            "license": [
                "MIT"
            ],
            "authors": [
                {
                    "name": "srag",
                    "email": "support@studer-raimann.ch",
                    "homepage": "https://studer-raimann.ch",
                    "role": "Developer"
                }
            ],
            "description": "Use all ILIAS globals in your class",
            "homepage": "https://github.com/studer-raimann/DIC",
            "keywords": [
                "ILIAS",
                "dic",
                "globals",
                "trait"
            ],
            "time": "2018-08-16T05:59:19+00:00"
        }
    ],
    "packages-dev": [],
    "aliases": [],
    "minimum-stability": "stable",
    "stability-flags": {
        "srag/dic": 20
    },
    "prefer-stable": false,
    "prefer-lowest": false,
    "platform": [],
    "platform-dev": []
}
